
Microsoft Visual Studio Solution File, Format Version 12.00
# Visual Studio Version 16
VisualStudioVersion = 16.0.29418.71
MinimumVisualStudioVersion = 10.0.40219.1
Project("{FAE04EC0-301F-11D3-BF4B-00C04F79EFBC}") = "FinanceManager_v3", "FinanceManager_v3.csproj", "{E7292B1C-8D88-40BA-BF78-1030A11EECFC}"
EndProject
Global
	GlobalSection(SolutionConfigurationPlatforms) = preSolution
		Debug|Any CPU = Debug|Any CPU
		Release|Any CPU = Release|Any CPU
	EndGlobalSection
	GlobalSection(ProjectConfigurationPlatforms) = postSolution
		{E7292B1C-8D88-40BA-BF78-1030A11EECFC}.Debug|Any CPU.ActiveCfg = Debug|Any CPU
		{E7292B1C-8D88-40BA-BF78-1030A11EECFC}.Debug|Any CPU.Build.0 = Debug|Any CPU
		{E7292B1C-8D88-40BA-BF78-1030A11EECFC}.Release|Any CPU.ActiveCfg = Release|Any CPU
		{E7292B1C-8D88-40BA-BF78-1030A11EECFC}.Release|Any CPU.Build.0 = Release|Any CPU
	EndGlobalSection
	GlobalSection(SolutionProperties) = preSolution
		HideSolutionNode = FALSE
	EndGlobalSection
	GlobalSection(ExtensibilityGlobals) = postSolution
		SolutionGuid = {1D002FC8-2670-4A26-B643-4E014202DE30}
	EndGlobalSection
EndGlobal
